
Microsoft Visual Studio Solution File, Format Version 12.00
# Visual Studio Version 17
VisualStudioVersion = 17.0.31919.166
MinimumVisualStudioVersion = 10.0.40219.1
Project("{FAE04EC0-301F-11D3-BF4B-00C04F79EFBC}") = "GoLive.Generator.RazorPageRoute.Generator", "GoLive.Generator.RazorPageRoute.Generator\GoLive.Generator.RazorPageRoute.Generator.csproj", "{789354C1-9B76-4276-B6F7-83D1B8154E1D}"
EndProject
Project("{FAE04EC0-301F-11D3-BF4B-00C04F79EFBC}") = "GoLive.Generator.RazorPageRoute.Tests.BlazorWebAsssembly", "GoLive.Generator.RazorPageRoute.Tests.BlazorWebAsssembly\GoLive.Generator.RazorPageRoute.Tests.BlazorWebAsssembly.csproj", "{8A5871C3-72B3-47B1-92BB-0EF37EBEE359}"
EndProject
Global
	GlobalSection(SolutionConfigurationPlatforms) = preSolution
		Debug|Any CPU = Debug|Any CPU
		Release|Any CPU = Release|Any CPU
	EndGlobalSection
	GlobalSection(ProjectConfigurationPlatforms) = postSolution
		{789354C1-9B76-4276-B6F7-83D1B8154E1D}.Debug|Any CPU.ActiveCfg = Debug|Any CPU
		{789354C1-9B76-4276-B6F7-83D1B8154E1D}.Debug|Any CPU.Build.0 = Debug|Any CPU
		{789354C1-9B76-4276-B6F7-83D1B8154E1D}.Release|Any CPU.ActiveCfg = Release|Any CPU
		{789354C1-9B76-4276-B6F7-83D1B8154E1D}.Release|Any CPU.Build.0 = Release|Any CPU
		{8A5871C3-72B3-47B1-92BB-0EF37EBEE359}.Debug|Any CPU.ActiveCfg = Debug|Any CPU
		{8A5871C3-72B3-47B1-92BB-0EF37EBEE359}.Debug|Any CPU.Build.0 = Debug|Any CPU
		{8A5871C3-72B3-47B1-92BB-0EF37EBEE359}.Release|Any CPU.ActiveCfg = Release|Any CPU
		{8A5871C3-72B3-47B1-92BB-0EF37EBEE359}.Release|Any CPU.Build.0 = Release|Any CPU
	EndGlobalSection
	GlobalSection(SolutionProperties) = preSolution
		HideSolutionNode = FALSE
	EndGlobalSection
	GlobalSection(ExtensibilityGlobals) = postSolution
		SolutionGuid = {923A5A66-A2DB-4409-9FF8-84B5B733B6A5}
	EndGlobalSection
EndGlobal
